github.com/kardianos/osext v0.0.0-20190222173326-2bc1f35cddc0 h1:iQTw/8FWTuc7uiaSepXwyf3o52HaUYcV+Tu66S3F5GA=
github.com/kardianos/osext v0.0.0-20190222173326-2bc1f35cddc0/go.mod h1:1NbS8ALrpOvjt0rHPNLyCIeMtbizbir8U//inJ+zuB8=
github.com/neovim/go-client v1.1.2 h1:WJjJla3xaieHmCsC1u/W4/KDcNRAgsFIIirGqf89+gQ=
github.com/neovim/go-client v1.1.2/go.mod h1:Ut+iugbngsGXA7ArdE5kaUSdImkUmsw0aD4d0Uo2Gpw=
